PODS:
  - MBProgressHUD (1.2.0)
  - Sentry (7.16.0):
    - Sentry/Core (= 7.16.0)
  - Sentry/Core (7.16.0)

DEPENDENCIES:
  - MBProgressHUD (~> 1.2.0)
  - Sentry (~> 7.1)

SPEC REPOS:
  trunk:
    - MBProgressHUD
    - Sentry

SPEC CHECKSUMS:
  MBProgressHUD: 3ee5efcc380f6a79a7cc9b363dd669c5e1ae7406
  Sentry: 8045e58d18a62583325aa4a661262fdea799abb1

PODFILE CHECKSUM: 4bc5cbc4e08cff9101c09346c04f0671d93fe1ba

COCOAPODS: 1.12.0
