// !$*UTF8*$!
{
	archiveVersion = 1;
	classes = {
	};
	objectVersion = 46;
	objects = {

/* Begin PBXBuildFile section */
		610FCAD217B8F522000AAF97 /* UIKit.framework in Frameworks */ = {isa = PBXBuildFile; fileRef = 610FCAD117B8F522000AAF97 /* UIKit.framework */; };
		610FCAD417B8F522000AAF97 /* Foundation.framework in Frameworks */ = {isa = PBXBuildFile; fileRef = 610FCAD317B8F522000AAF97 /* Foundation.framework */; };
		610FCADC17B8F522000AAF97 /* InfoPlist.strings in Resources */ = {isa = PBXBuildFile; fileRef = 610FCADA17B8F522000AAF97 /* InfoPlist.strings */; };
		610FCADE17B8F522000AAF97 /* main.m in Sources */ = {isa = PBXBuildFile; fileRef = 610FCADD17B8F522000AAF97 /* main.m */; };
		610FCAE217B8F522000AAF97 /* FasTAppDelegate.m in Sources */ = {isa = PBXBuildFile; fileRef = 610FCAE117B8F522000AAF97 /* FasTAppDelegate.m */; };
		610FCCEE17BA40EA000AAF97 /* Settings.bundle in Resources */ = {isa = PBXBuildFile; fileRef = 610FCCED17BA40EA000AAF97 /* Settings.bundle */; };
		610FD32017BAF491000AAF97 /* Localizable.strings in Resources */ = {isa = PBXBuildFile; fileRef = 610FD32217BAF491000AAF97 /* Localizable.strings */; };
/* End PBXBuildFile section */

/* Begin PBXFileReference section */
		610FCACE17B8F522000AAF97 /* FasT-checkin.app */ = {isa = PBXFileReference; explicitFileType = wrapper.application; includeInIndex = 0; path = "FasT-checkin.app"; sourceTree = BUILT_PRODUCTS_DIR; };
		610FCAD117B8F522000AAF97 /* UIKit.framework */ = {isa = PBXFileReference; lastKnownFileType = wrapper.framework; name = UIKit.framework; path = System/Library/Frameworks/UIKit.framework; sourceTree = SDKROOT; };
		610FCAD317B8F522000AAF97 /* Foundation.framework */ = {isa = PBXFileReference; lastKnownFileType = wrapper.framework; name = Foundation.framework; path = System/Library/Frameworks/Foundation.framework; sourceTree = SDKROOT; };
		610FCAD917B8F522000AAF97 /* FasT-checkin-Info.plist */ = {isa = PBXFileReference; lastKnownFileType = text.plist.xml; path = "FasT-checkin-Info.plist"; sourceTree = "<group>"; };
		610FCADD17B8F522000AAF97 /* main.m */ = {isa = PBXFileReference; lastKnownFileType = sourcecode.c.objc; path = main.m; sourceTree = "<group>"; };
		610FCADF17B8F522000AAF97 /* FasT-checkin-Prefix.pch */ = {isa = PBXFileReference; lastKnownFileType = sourcecode.c.h; path = "FasT-checkin-Prefix.pch"; sourceTree = "<group>"; };
		610FCAE017B8F522000AAF97 /* FasTAppDelegate.h */ = {isa = PBXFileReference; lastKnownFileType = sourcecode.c.h; path = FasTAppDelegate.h; sourceTree = "<group>"; };
		610FCAE117B8F522000AAF97 /* FasTAppDelegate.m */ = {isa = PBXFileReference; lastKnownFileType = sourcecode.c.objc; path = FasTAppDelegate.m; sourceTree = "<group>"; };
		610FCCD917B9977C000AAF97 /* de */ = {isa = PBXFileReference; lastKnownFileType = text.plist.strings; name = de; path = de.lproj/InfoPlist.strings; sourceTree = "<group>"; };
		610FCCED17BA40EA000AAF97 /* Settings.bundle */ = {isa = PBXFileReference; lastKnownFileType = "wrapper.plug-in"; path = Settings.bundle; sourceTree = "<group>"; };
		610FD32117BAF491000AAF97 /* de */ = {isa = PBXFileReference; lastKnownFileType = text.plist.strings; name = de; path = de.lproj/Localizable.strings; sourceTree = "<group>"; };
/* End PBXFileReference section */

/* Begin PBXFrameworksBuildPhase section */
		610FCACB17B8F522000AAF97 /* Frameworks */ = {
			isa = PBXFrameworksBuildPhase;
			buildActionMask = 2147483647;
			files = (
				610FCAD217B8F522000AAF97 /* UIKit.framework in Frameworks */,
				610FCAD417B8F522000AAF97 /* Foundation.framework in Frameworks */,
			);
			runOnlyForDeploymentPostprocessing = 0;
		};
/* End PBXFrameworksBuildPhase section */

/* Begin PBXGroup section */
		610FCAC517B8F522000AAF97 = {
			isa = PBXGroup;
			children = (
				610FCAD717B8F522000AAF97 /* FasT-checkin */,
				610FCAD017B8F522000AAF97 /* Frameworks */,
				610FCACF17B8F522000AAF97 /* Products */,
			);
			sourceTree = "<group>";
		};
		610FCACF17B8F522000AAF97 /* Products */ = {
			isa = PBXGroup;
			children = (
				610FCACE17B8F522000AAF97 /* FasT-checkin.app */,
			);
			name = Products;
			sourceTree = "<group>";
		};
		610FCAD017B8F522000AAF97 /* Frameworks */ = {
			isa = PBXGroup;
			children = (
				610FCAD117B8F522000AAF97 /* UIKit.framework */,
				610FCAD317B8F522000AAF97 /* Foundation.framework */,
			);
			name = Frameworks;
			sourceTree = "<group>";
		};
		610FCAD717B8F522000AAF97 /* FasT-checkin */ = {
			isa = PBXGroup;
			children = (
				610FCAE017B8F522000AAF97 /* FasTAppDelegate.h */,
				610FCAE117B8F522000AAF97 /* FasTAppDelegate.m */,
				610FCAD817B8F522000AAF97 /* Supporting Files */,
			);
			path = "FasT-checkin";
			sourceTree = "<group>";
		};
		610FCAD817B8F522000AAF97 /* Supporting Files */ = {
			isa = PBXGroup;
			children = (
				610FCAD917B8F522000AAF97 /* FasT-checkin-Info.plist */,
				610FCADA17B8F522000AAF97 /* InfoPlist.strings */,
				610FCADD17B8F522000AAF97 /* main.m */,
				610FCADF17B8F522000AAF97 /* FasT-checkin-Prefix.pch */,
				610FCCED17BA40EA000AAF97 /* Settings.bundle */,
				610FD32217BAF491000AAF97 /* Localizable.strings */,
			);
			name = "Supporting Files";
			sourceTree = "<group>";
		};
/* End PBXGroup section */

/* Begin PBXNativeTarget section */
		610FCACD17B8F522000AAF97 /* FasT-checkin */ = {
			isa = PBXNativeTarget;
			buildConfigurationList = 610FCAEB17B8F522000AAF97 /* Build configuration list for PBXNativeTarget "FasT-checkin" */;
			buildPhases = (
				610FCACA17B8F522000AAF97 /* Sources */,
				610FCACB17B8F522000AAF97 /* Frameworks */,
				610FCACC17B8F522000AAF97 /* Resources */,
				610FCCDA17B99843000AAF97 /* ShellScript */,
			);
			buildRules = (
			);
			dependencies = (
			);
			name = "FasT-checkin";
			productName = "FasT-checkin";
			productReference = 610FCACE17B8F522000AAF97 /* FasT-checkin.app */;
			productType = "com.apple.product-type.application";
		};
/* End PBXNativeTarget section */

/* Begin PBXProject section */
		610FCAC617B8F522000AAF97 /* Project object */ = {
			isa = PBXProject;
			attributes = {
				CLASSPREFIX = FasT;
				LastUpgradeCheck = 0460;
				ORGANIZATIONNAME = Albisigns;
			};
			buildConfigurationList = 610FCAC917B8F522000AAF97 /* Build configuration list for PBXProject "FasT-checkin" */;
			compatibilityVersion = "Xcode 3.2";
			developmentRegion = English;
			hasScannedForEncodings = 0;
			knownRegions = (
				en,
				de,
			);
			mainGroup = 610FCAC517B8F522000AAF97;
			productRefGroup = 610FCACF17B8F522000AAF97 /* Products */;
			projectDirPath = "";
			projectRoot = "";
			targets = (
				610FCACD17B8F522000AAF97 /* FasT-checkin */,
			);
		};
/* End PBXProject section */

/* Begin PBXResourcesBuildPhase section */
		610FCACC17B8F522000AAF97 /* Resources */ = {
			isa = PBXResourcesBuildPhase;
			buildActionMask = 2147483647;
			files = (
				610FCADC17B8F522000AAF97 /* InfoPlist.strings in Resources */,
				610FCCEE17BA40EA000AAF97 /* Settings.bundle in Resources */,
				610FD32017BAF491000AAF97 /* Localizable.strings in Resources */,
			);
			runOnlyForDeploymentPostprocessing = 0;
		};
/* End PBXResourcesBuildPhase section */

/* Begin PBXShellScriptBuildPhase section */
		610FCCDA17B99843000AAF97 /* ShellScript */ = {
			isa = PBXShellScriptBuildPhase;
			buildActionMask = 2147483647;
			files = (
			);
			inputPaths = (
			);
			outputPaths = (
			);
			runOnlyForDeploymentPostprocessing = 0;
			shellPath = /bin/bash;
			shellScript = "# This script automatically sets the version string of\n# an Xcode project from the Git repository containing the project.\n\nset -o errexit\nset -o nounset\n\nINFO_PLIST=\"${BUILT_PRODUCTS_DIR}/${WRAPPER_NAME}/Info\"\n\nVERSION=$(git --git-dir=\"${PROJECT_DIR}/.git\" --work-tree=\"${PROJECT_DIR}/\" rev-list master | wc -l)\n\ndefaults write $INFO_PLIST CFBundleVersion $VERSION\n\necho \"VERSION: ${VERSION}\"";
			showEnvVarsInLog = 0;
		};
/* End PBXShellScriptBuildPhase section */

/* Begin PBXSourcesBuildPhase section */
		610FCACA17B8F522000AAF97 /* Sources */ = {
			isa = PBXSourcesBuildPhase;
			buildActionMask = 2147483647;
			files = (
				610FCADE17B8F522000AAF97 /* main.m in Sources */,
				610FCAE217B8F522000AAF97 /* FasTAppDelegate.m in Sources */,
			);
			runOnlyForDeploymentPostprocessing = 0;
		};
/* End PBXSourcesBuildPhase section */

/* Begin PBXVariantGroup section */
		610FCADA17B8F522000AAF97 /* InfoPlist.strings */ = {
			isa = PBXVariantGroup;
			children = (
				610FCCD917B9977C000AAF97 /* de */,
			);
			name = InfoPlist.strings;
			sourceTree = "<group>";
		};
		610FD32217BAF491000AAF97 /* Localizable.strings */ = {
			isa = PBXVariantGroup;
			children = (
				610FD32117BAF491000AAF97 /* de */,
			);
			name = Localizable.strings;
			sourceTree = "<group>";
		};
/* End PBXVariantGroup section */

/* Begin XCBuildConfiguration section */
		610FCAE917B8F522000AAF97 /* Debug */ = {
			isa = XCBuildConfiguration;
			buildSettings = {
				ALWAYS_SEARCH_USER_PATHS = NO;
				CLANG_CXX_LANGUAGE_STANDARD = "gnu++0x";
				CLANG_CXX_LIBRARY = "libc++";
				CLANG_WARN_CONSTANT_CONVERSION = YES;
				CLANG_WARN_EMPTY_BODY = YES;
				CLANG_WARN_ENUM_CONVERSION = YES;
				CLANG_WARN_INT_CONVERSION = YES;
				CLANG_WARN__DUPLICATE_METHOD_MATCH = YES;
				"CODE_SIGN_IDENTITY[sdk=iphoneos*]" = "iPhone Developer";
				COPY_PHASE_STRIP = NO;
				GCC_C_LANGUAGE_STANDARD = gnu99;
				GCC_DYNAMIC_NO_PIC = NO;
				GCC_OPTIMIZATION_LEVEL = 0;
				GCC_PREPROCESSOR_DEFINITIONS = (
					"DEBUG=1",
					"$(inherited)",
				);
				GCC_SYMBOLS_PRIVATE_EXTERN = NO;
				GCC_WARN_ABOUT_RETURN_TYPE = YES;
				GCC_WARN_UNINITIALIZED_AUTOS = YES;
				GCC_WARN_UNUSED_VARIABLE = YES;
				HEADER_SEARCH_PATHS = (
					"\"$(SRCROOT)/submodules/ZBar/iphone/include\"/**",
					"\"$(SRCROOT)/submodules/ZBar/include\"",
				);
				IPHONEOS_DEPLOYMENT_TARGET = 6.1;
				LIBRARY_SEARCH_PATHS = "";
				ONLY_ACTIVE_ARCH = YES;
				OTHER_CPLUSPLUSFLAGS = "$(OTHER_CFLAGS)";
				OTHER_LDFLAGS = "-ObjC";
				SDKROOT = iphoneos;
				USER_HEADER_SEARCH_PATHS = "";
			};
			name = Debug;
		};
		610FCAEA17B8F522000AAF97 /* Release */ = {
			isa = XCBuildConfiguration;
			buildSettings = {
				ALWAYS_SEARCH_USER_PATHS = NO;
				CLANG_CXX_LANGUAGE_STANDARD = "gnu++0x";
				CLANG_CXX_LIBRARY = "libc++";
				CLANG_WARN_CONSTANT_CONVERSION = YES;
				CLANG_WARN_EMPTY_BODY = YES;
				CLANG_WARN_ENUM_CONVERSION = YES;
				CLANG_WARN_INT_CONVERSION = YES;
				CLANG_WARN__DUPLICATE_METHOD_MATCH = YES;
				"CODE_SIGN_IDENTITY[sdk=iphoneos*]" = "iPhone Developer";
				COPY_PHASE_STRIP = YES;
				GCC_C_LANGUAGE_STANDARD = gnu99;
				GCC_WARN_ABOUT_RETURN_TYPE = YES;
				GCC_WARN_UNINITIALIZED_AUTOS = YES;
				GCC_WARN_UNUSED_VARIABLE = YES;
				HEADER_SEARCH_PATHS = (
					"\"$(SRCROOT)/submodules/ZBar/iphone/include\"/**",
					"\"$(SRCROOT)/submodules/ZBar/include\"",
				);
				IPHONEOS_DEPLOYMENT_TARGET = 6.1;
				LIBRARY_SEARCH_PATHS = "";
				OTHER_CFLAGS = "-DNS_BLOCK_ASSERTIONS=1";
				OTHER_CPLUSPLUSFLAGS = (
					"$(OTHER_CFLAGS)",
					"-ljpeg",
				);
				OTHER_LDFLAGS = "-ObjC";
				SDKROOT = iphoneos;
				USER_HEADER_SEARCH_PATHS = "";
				VALIDATE_PRODUCT = YES;
			};
			name = Release;
		};
		610FCAEC17B8F522000AAF97 /* Debug */ = {
			isa = XCBuildConfiguration;
			buildSettings = {
				GCC_PRECOMPILE_PREFIX_HEADER = YES;
				GCC_PREFIX_HEADER = "FasT-checkin/FasT-checkin-Prefix.pch";
				INFOPLIST_FILE = "FasT-checkin/FasT-checkin-Info.plist";
				IPHONEOS_DEPLOYMENT_TARGET = 6.1;
				LIBRARY_SEARCH_PATHS = (
					"$(inherited)",
					"\"$(SRCROOT)/../../Library/Developer/Xcode/DerivedData/FasT-checkin-gybkqwxkhajphbfhuwlzihdgygys/Build/Products/Debug-iphoneos\"",
				);
				PRODUCT_NAME = "$(TARGET_NAME)";
				WRAPPER_EXTENSION = app;
			};
			name = Debug;
		};
		610FCAED17B8F522000AAF97 /* Release */ = {
			isa = XCBuildConfiguration;
			buildSettings = {
				GCC_PRECOMPILE_PREFIX_HEADER = YES;
				GCC_PREFIX_HEADER = "FasT-checkin/FasT-checkin-Prefix.pch";
				INFOPLIST_FILE = "FasT-checkin/FasT-checkin-Info.plist";
				IPHONEOS_DEPLOYMENT_TARGET = 6.1;
				LIBRARY_SEARCH_PATHS = (
					"$(inherited)",
					"\"$(SRCROOT)/../../Library/Developer/Xcode/DerivedData/FasT-checkin-gybkqwxkhajphbfhuwlzihdgygys/Build/Products/Debug-iphoneos\"",
				);
				PRODUCT_NAME = "$(TARGET_NAME)";
				WRAPPER_EXTENSION = app;
			};
			name = Release;
		};
/* End XCBuildConfiguration section */

/* Begin XCConfigurationList section */
		610FCAC917B8F522000AAF97 /* Build configuration list for PBXProject "FasT-checkin" */ = {
			isa = XCConfigurationList;
			buildConfigurations = (
				610FCAE917B8F522000AAF97 /* Debug */,
				610FCAEA17B8F522000AAF97 /* Release */,
			);
			defaultConfigurationIsVisible = 0;
			defaultConfigurationName = Release;
		};
		610FCAEB17B8F522000AAF97 /* Build configuration list for PBXNativeTarget "FasT-checkin" */ = {
			isa = XCConfigurationList;
			buildConfigurations = (
				610FCAEC17B8F522000AAF97 /* Debug */,
				610FCAED17B8F522000AAF97 /* Release */,
			);
			defaultConfigurationIsVisible = 0;
			defaultConfigurationName = Release;
		};
/* End XCConfigurationList section */
	};
	rootObject = 610FCAC617B8F522000AAF97 /* Project object */;
}
