// !$*UTF8*$!
{
	archiveVersion = 1;
	classes = {
	};
	objectVersion = 46;
	objects = {

/* Begin PBXBuildFile section */
		610FCAD217B8F522000AAF97 /* UIKit.framework in Frameworks */ = {isa = PBXBuildFile; fileRef = 610FCAD117B8F522000AAF97 /* UIKit.framework */; };
		610FCAD417B8F522000AAF97 /* Foundation.framework in Frameworks */ = {isa = PBXBuildFile; fileRef = 610FCAD317B8F522000AAF97 /* Foundation.framework */; };
		610FCADC17B8F522000AAF97 /* InfoPlist.strings in Resources */ = {isa = PBXBuildFile; fileRef = 610FCADA17B8F522000AAF97 /* InfoPlist.strings */; };
		610FCADE17B8F522000AAF97 /* main.m in Sources */ = {isa = PBXBuildFile; fileRef = 610FCADD17B8F522000AAF97 /* main.m */; };
		610FCAE217B8F522000AAF97 /* FasTAppDelegate.m in Sources */ = {isa = PBXBuildFile; fileRef = 610FCAE117B8F522000AAF97 /* FasTAppDelegate.m */; };
		610FCCEE17BA40EA000AAF97 /* Settings.bundle in Resources */ = {isa = PBXBuildFile; fileRef = 610FCCED17BA40EA000AAF97 /* Settings.bundle */; };
		610FD32017BAF491000AAF97 /* Localizable.strings in Resources */ = {isa = PBXBuildFile; fileRef = 610FD32217BAF491000AAF97 /* Localizable.strings */; };
		F015FFC71D343F0800493E8E /* FasTScannerViewController.m in Sources */ = {isa = PBXBuildFile; fileRef = F015FFC61D343F0800493E8E /* FasTScannerViewController.m */; };
		F015FFC91D34408000493E8E /* AVFoundation.framework in Frameworks */ = {isa = PBXBuildFile; fileRef = F015FFC81D34408000493E8E /* AVFoundation.framework */; };
		F015FFCD1D34432700493E8E /* Images.xcassets in Resources */ = {isa = PBXBuildFile; fileRef = F015FFCC1D34432700493E8E /* Images.xcassets */; };
		F015FFCF1D3443DE00493E8E /* CoreGraphics.framework in Frameworks */ = {isa = PBXBuildFile; fileRef = F015FFCE1D3443DE00493E8E /* CoreGraphics.framework */; };
		F015FFD11D3444B500493E8E /* Storyboard.storyboard in Resources */ = {isa = PBXBuildFile; fileRef = F015FFD01D3444B500493E8E /* Storyboard.storyboard */; };
		F0377C741D35509500F4A668 /* FasTTicketVerifier.m in Sources */ = {isa = PBXBuildFile; fileRef = F0377C731D35509500F4A668 /* FasTTicketVerifier.m */; };
		F0377C761D35573200F4A668 /* Security.framework in Frameworks */ = {isa = PBXBuildFile; fileRef = F0377C751D35573200F4A668 /* Security.framework */; };
		F0377C7C1D3665F300F4A668 /* FasTTicket.m in Sources */ = {isa = PBXBuildFile; fileRef = F0377C7B1D3665F300F4A668 /* FasTTicket.m */; };
		F0377C7E1D36860A00F4A668 /* Podfile in Resources */ = {isa = PBXBuildFile; fileRef = F0377C7D1D36860A00F4A668 /* Podfile */; };
		F0377C801D370BD000F4A668 /* AudioToolbox.framework in Frameworks */ = {isa = PBXBuildFile; fileRef = F0377C7F1D370BD000F4A668 /* AudioToolbox.framework */; };
		F57C2855ED3EF18913746267 /* libPods-FasT-checkin.a in Frameworks */ = {isa = PBXBuildFile; fileRef = 72F0B9419B0EFC69A5F91003 /* libPods-FasT-checkin.a */; };
/* End PBXBuildFile section */

/* Begin PBXFileReference section */
		0AE9547D2FFE57C6B255F0F6 /* Pods-FasT-checkin.debug.xcconfig */ = {isa = PBXFileReference; includeInIndex = 1; lastKnownFileType = text.xcconfig; name = "Pods-FasT-checkin.debug.xcconfig"; path = "Pods/Target Support Files/Pods-FasT-checkin/Pods-FasT-checkin.debug.xcconfig"; sourceTree = "<group>"; };
		610FCACE17B8F522000AAF97 /* FasT-checkin.app */ = {isa = PBXFileReference; explicitFileType = wrapper.application; includeInIndex = 0; path = "FasT-checkin.app"; sourceTree = BUILT_PRODUCTS_DIR; };
		610FCAD117B8F522000AAF97 /* UIKit.framework */ = {isa = PBXFileReference; lastKnownFileType = wrapper.framework; name = UIKit.framework; path = System/Library/Frameworks/UIKit.framework; sourceTree = SDKROOT; };
		610FCAD317B8F522000AAF97 /* Foundation.framework */ = {isa = PBXFileReference; lastKnownFileType = wrapper.framework; name = Foundation.framework; path = System/Library/Frameworks/Foundation.framework; sourceTree = SDKROOT; };
		610FCAD917B8F522000AAF97 /* FasT-checkin-Info.plist */ = {isa = PBXFileReference; lastKnownFileType = text.plist.xml; path = "FasT-checkin-Info.plist"; sourceTree = "<group>"; };
		610FCADD17B8F522000AAF97 /* main.m */ = {isa = PBXFileReference; lastKnownFileType = sourcecode.c.objc; path = main.m; sourceTree = "<group>"; };
		610FCADF17B8F522000AAF97 /* FasT-checkin-Prefix.pch */ = {isa = PBXFileReference; lastKnownFileType = sourcecode.c.h; path = "FasT-checkin-Prefix.pch"; sourceTree = "<group>"; };
		610FCAE017B8F522000AAF97 /* FasTAppDelegate.h */ = {isa = PBXFileReference; lastKnownFileType = sourcecode.c.h; path = FasTAppDelegate.h; sourceTree = "<group>"; };
		610FCAE117B8F522000AAF97 /* FasTAppDelegate.m */ = {isa = PBXFileReference; lastKnownFileType = sourcecode.c.objc; path = FasTAppDelegate.m; sourceTree = "<group>"; };
		610FCCD917B9977C000AAF97 /* de */ = {isa = PBXFileReference; lastKnownFileType = text.plist.strings; name = de; path = de.lproj/InfoPlist.strings; sourceTree = "<group>"; };
		610FCCED17BA40EA000AAF97 /* Settings.bundle */ = {isa = PBXFileReference; lastKnownFileType = "wrapper.plug-in"; path = Settings.bundle; sourceTree = "<group>"; };
		610FD32117BAF491000AAF97 /* de */ = {isa = PBXFileReference; lastKnownFileType = text.plist.strings; name = de; path = de.lproj/Localizable.strings; sourceTree = "<group>"; };
		72F0B9419B0EFC69A5F91003 /* libPods-FasT-checkin.a */ = {isa = PBXFileReference; explicitFileType = archive.ar; includeInIndex = 0; path = "libPods-FasT-checkin.a"; sourceTree = BUILT_PRODUCTS_DIR; };
		EA14629DE5D7C1EF36DFBEA0 /* Pods-FasT-checkin.release.xcconfig */ = {isa = PBXFileReference; includeInIndex = 1; lastKnownFileType = text.xcconfig; name = "Pods-FasT-checkin.release.xcconfig"; path = "Pods/Target Support Files/Pods-FasT-checkin/Pods-FasT-checkin.release.xcconfig"; sourceTree = "<group>"; };
		F015FFC51D343F0800493E8E /* FasTScannerViewController.h */ = {isa = PBXFileReference; fileEncoding = 4; lastKnownFileType = sourcecode.c.h; path = FasTScannerViewController.h; sourceTree = "<group>"; };
		F015FFC61D343F0800493E8E /* FasTScannerViewController.m */ = {isa = PBXFileReference; fileEncoding = 4; lastKnownFileType = sourcecode.c.objc; path = FasTScannerViewController.m; sourceTree = "<group>"; };
		F015FFC81D34408000493E8E /* AVFoundation.framework */ = {isa = PBXFileReference; lastKnownFileType = wrapper.framework; name = AVFoundation.framework; path = System/Library/Frameworks/AVFoundation.framework; sourceTree = SDKROOT; };
		F015FFCC1D34432700493E8E /* Images.xcassets */ = {isa = PBXFileReference; lastKnownFileType = folder.assetcatalog; path = Images.xcassets; sourceTree = "<group>"; };
		F015FFCE1D3443DE00493E8E /* CoreGraphics.framework */ = {isa = PBXFileReference; lastKnownFileType = wrapper.framework; name = CoreGraphics.framework; path = System/Library/Frameworks/CoreGraphics.framework; sourceTree = SDKROOT; };
		F015FFD01D3444B500493E8E /* Storyboard.storyboard */ = {isa = PBXFileReference; fileEncoding = 4; lastKnownFileType = file.storyboard; path = Storyboard.storyboard; sourceTree = "<group>"; };
		F0377C721D35509500F4A668 /* FasTTicketVerifier.h */ = {isa = PBXFileReference; fileEncoding = 4; lastKnownFileType = sourcecode.c.h; path = FasTTicketVerifier.h; sourceTree = "<group>"; };
		F0377C731D35509500F4A668 /* FasTTicketVerifier.m */ = {isa = PBXFileReference; fileEncoding = 4; lastKnownFileType = sourcecode.c.objc; path = FasTTicketVerifier.m; sourceTree = "<group>"; };
		F0377C751D35573200F4A668 /* Security.framework */ = {isa = PBXFileReference; lastKnownFileType = wrapper.framework; name = Security.framework; path = System/Library/Frameworks/Security.framework; sourceTree = SDKROOT; };
		F0377C7A1D3665F300F4A668 /* FasTTicket.h */ = {isa = PBXFileReference; fileEncoding = 4; lastKnownFileType = sourcecode.c.h; path = FasTTicket.h; sourceTree = "<group>"; };
		F0377C7B1D3665F300F4A668 /* FasTTicket.m */ = {isa = PBXFileReference; fileEncoding = 4; lastKnownFileType = sourcecode.c.objc; path = FasTTicket.m; sourceTree = "<group>"; };
		F0377C7D1D36860A00F4A668 /* Podfile */ = {isa = PBXFileReference; fileEncoding = 4; lastKnownFileType = text; path = Podfile; sourceTree = "<group>"; };
		F0377C7F1D370BD000F4A668 /* AudioToolbox.framework */ = {isa = PBXFileReference; lastKnownFileType = wrapper.framework; name = AudioToolbox.framework; path = System/Library/Frameworks/AudioToolbox.framework; sourceTree = SDKROOT; };
/* End PBXFileReference section */

/* Begin PBXFrameworksBuildPhase section */
		610FCACB17B8F522000AAF97 /* Frameworks */ = {
			isa = PBXFrameworksBuildPhase;
			buildActionMask = 2147483647;
			files = (
				F0377C801D370BD000F4A668 /* AudioToolbox.framework in Frameworks */,
				F0377C761D35573200F4A668 /* Security.framework in Frameworks */,
				F015FFCF1D3443DE00493E8E /* CoreGraphics.framework in Frameworks */,
				F015FFC91D34408000493E8E /* AVFoundation.framework in Frameworks */,
				610FCAD217B8F522000AAF97 /* UIKit.framework in Frameworks */,
				610FCAD417B8F522000AAF97 /* Foundation.framework in Frameworks */,
				F57C2855ED3EF18913746267 /* libPods-FasT-checkin.a in Frameworks */,
			);
			runOnlyForDeploymentPostprocessing = 0;
		};
/* End PBXFrameworksBuildPhase section */

/* Begin PBXGroup section */
		610FCAC517B8F522000AAF97 = {
			isa = PBXGroup;
			children = (
				610FCAD717B8F522000AAF97 /* FasT-checkin */,
				610FCAD017B8F522000AAF97 /* Frameworks */,
				610FCACF17B8F522000AAF97 /* Products */,
				F0377C7D1D36860A00F4A668 /* Podfile */,
				6172CA03A02603468CECE4A6 /* Pods */,
			);
			sourceTree = "<group>";
		};
		610FCACF17B8F522000AAF97 /* Products */ = {
			isa = PBXGroup;
			children = (
				610FCACE17B8F522000AAF97 /* FasT-checkin.app */,
			);
			name = Products;
			sourceTree = "<group>";
		};
		610FCAD017B8F522000AAF97 /* Frameworks */ = {
			isa = PBXGroup;
			children = (
				F0377C7F1D370BD000F4A668 /* AudioToolbox.framework */,
				F0377C751D35573200F4A668 /* Security.framework */,
				F015FFCE1D3443DE00493E8E /* CoreGraphics.framework */,
				F015FFC81D34408000493E8E /* AVFoundation.framework */,
				610FCAD117B8F522000AAF97 /* UIKit.framework */,
				610FCAD317B8F522000AAF97 /* Foundation.framework */,
				72F0B9419B0EFC69A5F91003 /* libPods-FasT-checkin.a */,
			);
			name = Frameworks;
			sourceTree = "<group>";
		};
		610FCAD717B8F522000AAF97 /* FasT-checkin */ = {
			isa = PBXGroup;
			children = (
				610FCAE017B8F522000AAF97 /* FasTAppDelegate.h */,
				610FCAE117B8F522000AAF97 /* FasTAppDelegate.m */,
				F015FFC51D343F0800493E8E /* FasTScannerViewController.h */,
				F015FFC61D343F0800493E8E /* FasTScannerViewController.m */,
				F0377C721D35509500F4A668 /* FasTTicketVerifier.h */,
				F0377C731D35509500F4A668 /* FasTTicketVerifier.m */,
				F0377C7A1D3665F300F4A668 /* FasTTicket.h */,
				F0377C7B1D3665F300F4A668 /* FasTTicket.m */,
				F015FFD01D3444B500493E8E /* Storyboard.storyboard */,
				F015FFCC1D34432700493E8E /* Images.xcassets */,
				610FCAD817B8F522000AAF97 /* Supporting Files */,
			);
			path = "FasT-checkin";
			sourceTree = "<group>";
		};
		610FCAD817B8F522000AAF97 /* Supporting Files */ = {
			isa = PBXGroup;
			children = (
				610FCAD917B8F522000AAF97 /* FasT-checkin-Info.plist */,
				610FCADA17B8F522000AAF97 /* InfoPlist.strings */,
				610FCADD17B8F522000AAF97 /* main.m */,
				610FCADF17B8F522000AAF97 /* FasT-checkin-Prefix.pch */,
				610FCCED17BA40EA000AAF97 /* Settings.bundle */,
				610FD32217BAF491000AAF97 /* Localizable.strings */,
			);
			name = "Supporting Files";
			sourceTree = "<group>";
		};
		6172CA03A02603468CECE4A6 /* Pods */ = {
			isa = PBXGroup;
			children = (
				0AE9547D2FFE57C6B255F0F6 /* Pods-FasT-checkin.debug.xcconfig */,
				EA14629DE5D7C1EF36DFBEA0 /* Pods-FasT-checkin.release.xcconfig */,
			);
			name = Pods;
			sourceTree = "<group>";
		};
/* End PBXGroup section */

/* Begin PBXNativeTarget section */
		610FCACD17B8F522000AAF97 /* FasT-checkin */ = {
			isa = PBXNativeTarget;
			buildConfigurationList = 610FCAEB17B8F522000AAF97 /* Build configuration list for PBXNativeTarget "FasT-checkin" */;
			buildPhases = (
				E38E70D0932C5FF07F06CE49 /* [CP] Check Pods Manifest.lock */,
				610FCACA17B8F522000AAF97 /* Sources */,
				610FCACB17B8F522000AAF97 /* Frameworks */,
				610FCACC17B8F522000AAF97 /* Resources */,
				610FCCDA17B99843000AAF97 /* ShellScript */,
				33D690FE602B346FA10B44AF /* [CP] Embed Pods Frameworks */,
				E0B152D25E06FCEE3ACEB09F /* [CP] Copy Pods Resources */,
			);
			buildRules = (
			);
			dependencies = (
			);
			name = "FasT-checkin";
			productName = "FasT-checkin";
			productReference = 610FCACE17B8F522000AAF97 /* FasT-checkin.app */;
			productType = "com.apple.product-type.application";
		};
/* End PBXNativeTarget section */

/* Begin PBXProject section */
		610FCAC617B8F522000AAF97 /* Project object */ = {
			isa = PBXProject;
			attributes = {
				CLASSPREFIX = FasT;
				LastUpgradeCheck = 0730;
				ORGANIZATIONNAME = Albisigns;
				TargetAttributes = {
					610FCACD17B8F522000AAF97 = {
						DevelopmentTeam = V48L6BF6M3;
					};
				};
			};
			buildConfigurationList = 610FCAC917B8F522000AAF97 /* Build configuration list for PBXProject "FasT-checkin" */;
			compatibilityVersion = "Xcode 3.2";
			developmentRegion = English;
			hasScannedForEncodings = 0;
			knownRegions = (
				en,
				de,
			);
			mainGroup = 610FCAC517B8F522000AAF97;
			productRefGroup = 610FCACF17B8F522000AAF97 /* Products */;
			projectDirPath = "";
			projectRoot = "";
			targets = (
				610FCACD17B8F522000AAF97 /* FasT-checkin */,
			);
		};
/* End PBXProject section */

/* Begin PBXResourcesBuildPhase section */
		610FCACC17B8F522000AAF97 /* Resources */ = {
			isa = PBXResourcesBuildPhase;
			buildActionMask = 2147483647;
			files = (
				F0377C7E1D36860A00F4A668 /* Podfile in Resources */,
				610FCADC17B8F522000AAF97 /* InfoPlist.strings in Resources */,
				F015FFCD1D34432700493E8E /* Images.xcassets in Resources */,
				610FCCEE17BA40EA000AAF97 /* Settings.bundle in Resources */,
				610FD32017BAF491000AAF97 /* Localizable.strings in Resources */,
				F015FFD11D3444B500493E8E /* Storyboard.storyboard in Resources */,
			);
			runOnlyForDeploymentPostprocessing = 0;
		};
/* End PBXResourcesBuildPhase section */

/* Begin PBXShellScriptBuildPhase section */
		33D690FE602B346FA10B44AF /* [CP] Embed Pods Frameworks */ = {
			isa = PBXShellScriptBuildPhase;
			buildActionMask = 2147483647;
			files = (
			);
			inputPaths = (
			);
			name = "[CP] Embed Pods Frameworks";
			outputPaths = (
			);
			runOnlyForDeploymentPostprocessing = 0;
			shellPath = /bin/sh;
			shellScript = "\"${SRCROOT}/Pods/Target Support Files/Pods-FasT-checkin/Pods-FasT-checkin-frameworks.sh\"\n";
			showEnvVarsInLog = 0;
		};
		610FCCDA17B99843000AAF97 /* ShellScript */ = {
			isa = PBXShellScriptBuildPhase;
			buildActionMask = 2147483647;
			files = (
			);
			inputPaths = (
			);
			outputPaths = (
			);
			runOnlyForDeploymentPostprocessing = 0;
			shellPath = /bin/bash;
			shellScript = "# This script automatically sets the version string of\n# an Xcode project from the Git repository containing the project.\n\nset -o errexit\nset -o nounset\n\nINFO_PLIST=\"${BUILT_PRODUCTS_DIR}/${WRAPPER_NAME}/Info\"\n\nVERSION=$(git --git-dir=\"${PROJECT_DIR}/.git\" --work-tree=\"${PROJECT_DIR}/\" rev-list master | wc -l)\n\ndefaults write $INFO_PLIST CFBundleVersion $VERSION\n\necho \"VERSION: ${VERSION}\"";
			showEnvVarsInLog = 0;
		};
		E0B152D25E06FCEE3ACEB09F /* [CP] Copy Pods Resources */ = {
			isa = PBXShellScriptBuildPhase;
			buildActionMask = 2147483647;
			files = (
			);
			inputPaths = (
			);
			name = "[CP] Copy Pods Resources";
			outputPaths = (
			);
			runOnlyForDeploymentPostprocessing = 0;
			shellPath = /bin/sh;
			shellScript = "\"${SRCROOT}/Pods/Target Support Files/Pods-FasT-checkin/Pods-FasT-checkin-resources.sh\"\n";
			showEnvVarsInLog = 0;
		};
		E38E70D0932C5FF07F06CE49 /* [CP] Check Pods Manifest.lock */ = {
			isa = PBXShellScriptBuildPhase;
			buildActionMask = 2147483647;
			files = (
			);
			inputPaths = (
			);
			name = "[CP] Check Pods Manifest.lock";
			outputPaths = (
			);
			runOnlyForDeploymentPostprocessing = 0;
			shellPath = /bin/sh;
			shellScript = "diff \"${PODS_ROOT}/../Podfile.lock\" \"${PODS_ROOT}/Manifest.lock\" > /dev/null\nif [[ $? != 0 ]] ; then\n    cat << EOM\nerror: The sandbox is not in sync with the Podfile.lock. Run 'pod install' or update your CocoaPods installation.\nEOM\n    exit 1\nfi\n";
			showEnvVarsInLog = 0;
		};
/* End PBXShellScriptBuildPhase section */

/* Begin PBXSourcesBuildPhase section */
		610FCACA17B8F522000AAF97 /* Sources */ = {
			isa = PBXSourcesBuildPhase;
			buildActionMask = 2147483647;
			files = (
				610FCADE17B8F522000AAF97 /* main.m in Sources */,
				F015FFC71D343F0800493E8E /* FasTScannerViewController.m in Sources */,
				610FCAE217B8F522000AAF97 /* FasTAppDelegate.m in Sources */,
				F0377C741D35509500F4A668 /* FasTTicketVerifier.m in Sources */,
				F0377C7C1D3665F300F4A668 /* FasTTicket.m in Sources */,
			);
			runOnlyForDeploymentPostprocessing = 0;
		};
/* End PBXSourcesBuildPhase section */

/* Begin PBXVariantGroup section */
		610FCADA17B8F522000AAF97 /* InfoPlist.strings */ = {
			isa = PBXVariantGroup;
			children = (
				610FCCD917B9977C000AAF97 /* de */,
			);
			name = InfoPlist.strings;
			sourceTree = "<group>";
		};
		610FD32217BAF491000AAF97 /* Localizable.strings */ = {
			isa = PBXVariantGroup;
			children = (
				610FD32117BAF491000AAF97 /* de */,
			);
			name = Localizable.strings;
			sourceTree = "<group>";
		};
/* End PBXVariantGroup section */

/* Begin XCBuildConfiguration section */
		610FCAE917B8F522000AAF97 /* Debug */ = {
			isa = XCBuildConfiguration;
			buildSettings = {
				ALWAYS_SEARCH_USER_PATHS = NO;
				CLANG_CXX_LANGUAGE_STANDARD = "gnu++0x";
				CLANG_CXX_LIBRARY = "libc++";
				CLANG_WARN_CONSTANT_CONVERSION = YES;
				CLANG_WARN_EMPTY_BODY = YES;
				CLANG_WARN_ENUM_CONVERSION = YES;
				CLANG_WARN_INT_CONVERSION = YES;
				CLANG_WARN__DUPLICATE_METHOD_MATCH = YES;
				"CODE_SIGN_IDENTITY[sdk=iphoneos*]" = "iPhone Developer";
				COPY_PHASE_STRIP = NO;
				ENABLE_TESTABILITY = YES;
				GCC_C_LANGUAGE_STANDARD = gnu99;
				GCC_DYNAMIC_NO_PIC = NO;
				GCC_OPTIMIZATION_LEVEL = 0;
				GCC_PREPROCESSOR_DEFINITIONS = (
					"DEBUG=1",
					"$(inherited)",
				);
				GCC_SYMBOLS_PRIVATE_EXTERN = NO;
				GCC_WARN_ABOUT_RETURN_TYPE = YES;
				GCC_WARN_UNINITIALIZED_AUTOS = YES;
				GCC_WARN_UNUSED_VARIABLE = YES;
				HEADER_SEARCH_PATHS = (
					"\"$(SRCROOT)/submodules/ZBar/iphone/include\"/**",
					"\"$(SRCROOT)/submodules/ZBar/include\"",
				);
				IPHONEOS_DEPLOYMENT_TARGET = 6.1;
				LIBRARY_SEARCH_PATHS = "";
				ONLY_ACTIVE_ARCH = YES;
				OTHER_CPLUSPLUSFLAGS = "$(OTHER_CFLAGS)";
				OTHER_LDFLAGS = "-ObjC";
				SDKROOT = iphoneos;
				USER_HEADER_SEARCH_PATHS = "";
			};
			name = Debug;
		};
		610FCAEA17B8F522000AAF97 /* Release */ = {
			isa = XCBuildConfiguration;
			buildSettings = {
				ALWAYS_SEARCH_USER_PATHS = NO;
				CLANG_CXX_LANGUAGE_STANDARD = "gnu++0x";
				CLANG_CXX_LIBRARY = "libc++";
				CLANG_WARN_CONSTANT_CONVERSION = YES;
				CLANG_WARN_EMPTY_BODY = YES;
				CLANG_WARN_ENUM_CONVERSION = YES;
				CLANG_WARN_INT_CONVERSION = YES;
				CLANG_WARN__DUPLICATE_METHOD_MATCH = YES;
				"CODE_SIGN_IDENTITY[sdk=iphoneos*]" = "iPhone Developer";
				COPY_PHASE_STRIP = YES;
				GCC_C_LANGUAGE_STANDARD = gnu99;
				GCC_WARN_ABOUT_RETURN_TYPE = YES;
				GCC_WARN_UNINITIALIZED_AUTOS = YES;
				GCC_WARN_UNUSED_VARIABLE = YES;
				HEADER_SEARCH_PATHS = (
					"\"$(SRCROOT)/submodules/ZBar/iphone/include\"/**",
					"\"$(SRCROOT)/submodules/ZBar/include\"",
				);
				IPHONEOS_DEPLOYMENT_TARGET = 6.1;
				LIBRARY_SEARCH_PATHS = "";
				OTHER_CFLAGS = "-DNS_BLOCK_ASSERTIONS=1";
				OTHER_CPLUSPLUSFLAGS = (
					"$(OTHER_CFLAGS)",
					"-ljpeg",
				);
				OTHER_LDFLAGS = "-ObjC";
				SDKROOT = iphoneos;
				USER_HEADER_SEARCH_PATHS = "";
				VALIDATE_PRODUCT = YES;
			};
			name = Release;
		};
		610FCAEC17B8F522000AAF97 /* Debug */ = {
			isa = XCBuildConfiguration;
			baseConfigurationReference = 0AE9547D2FFE57C6B255F0F6 /* Pods-FasT-checkin.debug.xcconfig */;
			buildSettings = {
				ASSETCATALOG_COMPILER_APPICON_NAME = AppIcon;
				ASSETCATALOG_COMPILER_LAUNCHIMAGE_NAME = LaunchImage;
				CODE_SIGN_IDENTITY = "iPhone Developer";
				GCC_PRECOMPILE_PREFIX_HEADER = YES;
				GCC_PREFIX_HEADER = "FasT-checkin/FasT-checkin-Prefix.pch";
				GCC_PREPROCESSOR_DEFINITIONS = (
					"$(inherited)",
					"COCOAPODS=1",
					"API_HOST=\"@\\\"http://ao-mbp.local:4000\\\"\"",
				);
				INFOPLIST_FILE = "FasT-checkin/FasT-checkin-Info.plist";
				IPHONEOS_DEPLOYMENT_TARGET = 7.1;
				LIBRARY_SEARCH_PATHS = "$(inherited)";
				PRODUCT_BUNDLE_IDENTIFIER = "de.albisigns.${PRODUCT_NAME:rfc1034identifier}";
				PRODUCT_NAME = "$(TARGET_NAME)";
				WRAPPER_EXTENSION = app;
			};
			name = Debug;
		};
		610FCAED17B8F522000AAF97 /* Release */ = {
			isa = XCBuildConfiguration;
			baseConfigurationReference = EA14629DE5D7C1EF36DFBEA0 /* Pods-FasT-checkin.release.xcconfig */;
			buildSettings = {
				ASSETCATALOG_COMPILER_APPICON_NAME = AppIcon;
				ASSETCATALOG_COMPILER_LAUNCHIMAGE_NAME = LaunchImage;
				CODE_SIGN_IDENTITY = "iPhone Developer";
				GCC_PRECOMPILE_PREFIX_HEADER = YES;
				GCC_PREFIX_HEADER = "FasT-checkin/FasT-checkin-Prefix.pch";
				INFOPLIST_FILE = "FasT-checkin/FasT-checkin-Info.plist";
				IPHONEOS_DEPLOYMENT_TARGET = 7.1;
				LIBRARY_SEARCH_PATHS = "$(inherited)";
				PRODUCT_BUNDLE_IDENTIFIER = "de.albisigns.${PRODUCT_NAME:rfc1034identifier}";
				PRODUCT_NAME = "$(TARGET_NAME)";
				WRAPPER_EXTENSION = app;
			};
			name = Release;
		};
/* End XCBuildConfiguration section */

/* Begin XCConfigurationList section */
		610FCAC917B8F522000AAF97 /* Build configuration list for PBXProject "FasT-checkin" */ = {
			isa = XCConfigurationList;
			buildConfigurations = (
				610FCAE917B8F522000AAF97 /* Debug */,
				610FCAEA17B8F522000AAF97 /* Release */,
			);
			defaultConfigurationIsVisible = 0;
			defaultConfigurationName = Release;
		};
		610FCAEB17B8F522000AAF97 /* Build configuration list for PBXNativeTarget "FasT-checkin" */ = {
			isa = XCConfigurationList;
			buildConfigurations = (
				610FCAEC17B8F522000AAF97 /* Debug */,
				610FCAED17B8F522000AAF97 /* Release */,
			);
			defaultConfigurationIsVisible = 0;
			defaultConfigurationName = Release;
		};
/* End XCConfigurationList section */
	};
	rootObject = 610FCAC617B8F522000AAF97 /* Project object */;
}
